
Microsoft Visual Studio Solution File, Format Version 12.00
# Visual Studio Version 17
VisualStudioVersion = 17.1.32228.430
MinimumVisualStudioVersion = 10.0.40219.1
Project("{FAE04EC0-301F-11D3-BF4B-00C04F79EFBC}") = "Танки_курсач", "Танки_курсач\Танки_курсач.csproj", "{04459ECE-AA6F-4A1E-9530-F6535F3B42E5}"
EndProject
Global
	GlobalSection(SolutionConfigurationPlatforms) = preSolution
		Debug|Any CPU = Debug|Any CPU
		Release|Any CPU = Release|Any CPU
	EndGlobalSection
	GlobalSection(ProjectConfigurationPlatforms) = postSolution
		{04459ECE-AA6F-4A1E-9530-F6535F3B42E5}.Debug|Any CPU.ActiveCfg = Debug|Any CPU
		{04459ECE-AA6F-4A1E-9530-F6535F3B42E5}.Debug|Any CPU.Build.0 = Debug|Any CPU
		{04459ECE-AA6F-4A1E-9530-F6535F3B42E5}.Release|Any CPU.ActiveCfg = Release|Any CPU
		{04459ECE-AA6F-4A1E-9530-F6535F3B42E5}.Release|Any CPU.Build.0 = Release|Any CPU
	EndGlobalSection
	GlobalSection(SolutionProperties) = preSolution
		HideSolutionNode = FALSE
	EndGlobalSection
	GlobalSection(ExtensibilityGlobals) = postSolution
		SolutionGuid = {45019B3D-42CA-4DE5-945C-2EC9E1BDCC13}
	EndGlobalSection
EndGlobal
